{
  "name": "alexa-xbox",
  "version": "2.1.0",
  "lockfileVersion": 1,
  "requires": true,
  "dependencies": {
    "accept": {
      "version": "2.1.4",
      "resolved": "https://registry.npmjs.org/accept/-/accept-2.1.4.tgz",
      "integrity": "sha1-iHr1TO7lx/RDBGGXHsQAxh0JrLs=",
      "requires": {
        "boom": "5.x.x",
        "hoek": "4.x.x"
      },
      "dependencies": {
        "boom": {
          "version": "5.2.0",
          "resolved": "https://registry.npmjs.org/boom/-/boom-5.2.0.tgz",
          "integrity": "sha512-Z5BTk6ZRe4tXXQlkqftmsAUANpXmuwlsF5Oov8ThoMbQRzdGTA1ngYRW160GexgOgjsFOKJz0LYhoNi+2AMBUw==",
          "requires": {
            "hoek": "4.x.x"
          }
        }
      }
    },
    "aguid": {
      "version": "1.0.4",
      "resolved": "https://registry.npmjs.org/aguid/-/aguid-1.0.4.tgz",
      "integrity": "sha1-QavU1juIYG6n1fmCmRbXEKPKU7o=",
      "requires": {
        "node-uuid": "^1.4.7"
      },
      "dependencies": {
        "node-uuid": {
          "version": "1.4.8",
          "resolved": "https://registry.npmjs.org/node-uuid/-/node-uuid-1.4.8.tgz",
          "integrity": "sha1-sEDrCSOWivq/jTL7HxfxFn/auQc="
        }
      }
    },
    "ammo": {
      "version": "2.0.4",
      "resolved": "https://registry.npmjs.org/ammo/-/ammo-2.0.4.tgz",
      "integrity": "sha1-v4CqshFpjqePY+9efxE91dnokX8=",
      "requires": {
        "boom": "5.x.x",
        "hoek": "4.x.x"
      },
      "dependencies": {
        "boom": {
          "version": "5.2.0",
          "resolved": "https://registry.npmjs.org/boom/-/boom-5.2.0.tgz",
          "integrity": "sha512-Z5BTk6ZRe4tXXQlkqftmsAUANpXmuwlsF5Oov8ThoMbQRzdGTA1ngYRW160GexgOgjsFOKJz0LYhoNi+2AMBUw==",
          "requires": {
            "hoek": "4.x.x"
          }
        }
      }
    },
    "async": {
      "version": "2.6.1",
      "resolved": "https://registry.npmjs.org/async/-/async-2.6.1.tgz",
      "integrity": "sha512-fNEiL2+AZt6AlAw/29Cr0UDe4sRAHCpEHh54WMz+Bb7QfNcFw4h3loofyJpLeQs4Yx7yuqu/2dLgM5hKOs6HlQ==",
      "requires": {
        "lodash": "^4.17.10"
      }
    },
    "b64": {
      "version": "3.0.3",
      "resolved": "https://registry.npmjs.org/b64/-/b64-3.0.3.tgz",
      "integrity": "sha512-Pbeh0i6OLubPJdIdCepn8ZQHwN2MWznZHbHABSTEfQ706ie+yuxNSaPdqX1xRatT6WanaS1EazMiSg0NUW2XxQ=="
    },
    "balanced-match": {
      "version": "1.0.0",
      "resolved": "https://registry.npmjs.org/balanced-match/-/balanced-match-1.0.0.tgz",
      "integrity": "sha1-ibTRmasr7kneFk6gK4nORi1xt2c=",
      "dev": true
    },
    "boom": {
      "version": "4.3.1",
      "resolved": "https://registry.npmjs.org/boom/-/boom-4.3.1.tgz",
      "integrity": "sha1-T4owBctKfjiJ90kDD9JbluAdLjE=",
      "requires": {
        "hoek": "4.x.x"
      }
    },
    "bourne": {
      "version": "1.1.1",
      "resolved": "https://registry.npmjs.org/bourne/-/bourne-1.1.1.tgz",
      "integrity": "sha512-Ou0l3W8+n1FuTOoIfIrCk9oF9WVWc+9fKoAl67XQr9Ws0z7LgILRZ7qtc9xdT4BveSKtnYXfKPgn8pFAqeQRew=="
    },
    "brace-expansion": {
      "version": "1.1.11",
      "resolved": "https://registry.npmjs.org/brace-expansion/-/brace-expansion-1.1.11.tgz",
      "integrity": "sha512-iCuPHDFgrHX7H2vEI/5xpz07zSHB00TpugqhmYtVmMO6518mCuRMoOYFldEBl0g187ufozdaHgWKcYFb61qGiA==",
      "dev": true,
      "requires": {
        "balanced-match": "^1.0.0",
        "concat-map": "0.0.1"
      }
    },
    "builtin-modules": {
      "version": "1.1.1",
      "resolved": "https://registry.npmjs.org/builtin-modules/-/builtin-modules-1.1.1.tgz",
      "integrity": "sha1-Jw8HbFpywC9bZaR9+Uxf46J4iS8=",
      "dev": true
    },
    "call": {
      "version": "4.0.2",
      "resolved": "https://registry.npmjs.org/call/-/call-4.0.2.tgz",
      "integrity": "sha1-33b19R7o3Ui4VqyEAPfmnm1zmcQ=",
      "requires": {
        "boom": "5.x.x",
        "hoek": "4.x.x"
      },
      "dependencies": {
        "boom": {
          "version": "5.2.0",
          "resolved": "https://registry.npmjs.org/boom/-/boom-5.2.0.tgz",
          "integrity": "sha512-Z5BTk6ZRe4tXXQlkqftmsAUANpXmuwlsF5Oov8ThoMbQRzdGTA1ngYRW160GexgOgjsFOKJz0LYhoNi+2AMBUw==",
          "requires": {
            "hoek": "4.x.x"
          }
        }
      }
    },
    "catbox": {
      "version": "7.1.5",
      "resolved": "https://registry.npmjs.org/catbox/-/catbox-7.1.5.tgz",
      "integrity": "sha512-4fui5lELzqZ+9cnaAP/BcqXTH6LvWLBRtFhJ0I4FfgfXiSaZcf6k9m9dqOyChiTxNYtvLk7ZMYSf7ahMq3bf5A==",
      "requires": {
        "boom": "5.x.x",
        "hoek": "4.x.x",
        "joi": "10.x.x"
      },
      "dependencies": {
        "boom": {
          "version": "5.2.0",
          "resolved": "https://registry.npmjs.org/boom/-/boom-5.2.0.tgz",
          "integrity": "sha512-Z5BTk6ZRe4tXXQlkqftmsAUANpXmuwlsF5Oov8ThoMbQRzdGTA1ngYRW160GexgOgjsFOKJz0LYhoNi+2AMBUw==",
          "requires": {
            "hoek": "4.x.x"
          }
        },
        "joi": {
          "version": "10.6.0",
          "resolved": "https://registry.npmjs.org/joi/-/joi-10.6.0.tgz",
          "integrity": "sha512-hBF3LcqyAid+9X/pwg+eXjD2QBZI5eXnBFJYaAkH4SK3mp9QSRiiQnDYlmlz5pccMvnLcJRS4whhDOTCkmsAdQ==",
          "requires": {
            "hoek": "4.x.x",
            "isemail": "2.x.x",
            "items": "2.x.x",
            "topo": "2.x.x"
          }
        }
      }
    },
    "catbox-memory": {
      "version": "2.0.4",
      "resolved": "https://registry.npmjs.org/catbox-memory/-/catbox-memory-2.0.4.tgz",
      "integrity": "sha1-Qz4lWQLK9UIz0ShkKcj03xToItU=",
      "requires": {
        "hoek": "4.x.x"
      }
    },
    "colors": {
      "version": "1.2.1",
      "resolved": "https://registry.npmjs.org/colors/-/colors-1.2.1.tgz",
      "integrity": "sha512-s8+wktIuDSLffCywiwSxQOMqtPxML11a/dtHE17tMn4B1MSWw/C22EKf7M2KGUBcDaVFEGT+S8N02geDXeuNKg=="
    },
    "commander": {
      "version": "2.15.1",
      "resolved": "https://registry.npmjs.org/commander/-/commander-2.15.1.tgz",
      "integrity": "sha512-VlfT9F3V0v+jr4yxPc5gg9s62/fIVWsd2Bk2iD435um1NlGMYdVCq+MjcXnhYq2icNOizHr1kK+5TI6H0Hy0ag=="
    },
    "concat-map": {
      "version": "0.0.1",
      "resolved": "https://registry.npmjs.org/concat-map/-/concat-map-0.0.1.tgz",
      "integrity": "sha1-2Klr13/Wjfd5OnMDajug1UBdR3s=",
      "dev": true
    },
    "contains-path": {
      "version": "0.1.0",
      "resolved": "https://registry.npmjs.org/contains-path/-/contains-path-0.1.0.tgz",
      "integrity": "sha1-/ozxhP9mcLa67wGp1IYaXL7EEgo=",
      "dev": true
    },
    "content": {
      "version": "3.0.7",
      "resolved": "https://registry.npmjs.org/content/-/content-3.0.7.tgz",
      "integrity": "sha512-LXtnSnvE+Z1Cjpa3P9gh9kb396qV4MqpfwKy777BOSF8n6nw2vAi03tHNl0/XRqZUyzVzY/+nMXOZVnEapWzdg==",
      "requires": {
        "boom": "5.x.x"
      },
      "dependencies": {
        "boom": {
          "version": "5.2.0",
          "resolved": "https://registry.npmjs.org/boom/-/boom-5.2.0.tgz",
          "integrity": "sha512-Z5BTk6ZRe4tXXQlkqftmsAUANpXmuwlsF5Oov8ThoMbQRzdGTA1ngYRW160GexgOgjsFOKJz0LYhoNi+2AMBUw==",
          "requires": {
            "hoek": "4.x.x"
          }
        }
      }
    },
    "cryptiles": {
      "version": "4.1.3",
      "resolved": "https://registry.npmjs.org/cryptiles/-/cryptiles-4.1.3.tgz",
      "integrity": "sha512-gT9nyTMSUC1JnziQpPbxKGBbUg8VL7Zn2NB4E1cJYvuXdElHrwxrV9bmltZGDzet45zSDGyYceueke1TjynGzw==",
      "requires": {
        "boom": "7.x.x"
      },
      "dependencies": {
        "boom": {
          "version": "7.3.0",
          "resolved": "https://registry.npmjs.org/boom/-/boom-7.3.0.tgz",
          "integrity": "sha512-Swpoyi2t5+GhOEGw8rEsKvTxFLIDiiKoUc2gsoV6Lyr43LHBIzch3k2MvYUs8RTROrIkVJ3Al0TkaOGjnb+B6A==",
          "requires": {
            "hoek": "6.x.x"
          }
        },
        "hoek": {
          "version": "6.1.3",
          "resolved": "https://registry.npmjs.org/hoek/-/hoek-6.1.3.tgz",
          "integrity": "sha512-YXXAAhmF9zpQbC7LEcREFtXfGq5K1fmd+4PHkBq8NUqmzW3G+Dq10bI/i0KucLRwss3YYFQ0fSfoxBZYiGUqtQ=="
        }
      }
    },
    "debug": {
      "version": "2.6.9",
      "resolved": "https://registry.npmjs.org/debug/-/debug-2.6.9.tgz",
      "integrity": "sha512-bC7ElrdJaJnPbAP+1EotYvqZsb3ecl5wi6Bfi6BJTUcNowp6cvspg0jXznRTKDjm/E7AdgFBVeAPVMNcKGsHMA==",
      "requires": {
        "ms": "2.0.0"
      }
    },
    "doctrine": {
      "version": "1.5.0",
      "resolved": "https://registry.npmjs.org/doctrine/-/doctrine-1.5.0.tgz",
      "integrity": "sha1-N53Ocw9hZvds76TmcHoVmwLFpvo=",
      "dev": true,
      "requires": {
        "esutils": "^2.0.2",
        "isarray": "^1.0.0"
      }
    },
    "error-ex": {
      "version": "1.3.1",
      "resolved": "https://registry.npmjs.org/error-ex/-/error-ex-1.3.1.tgz",
      "integrity": "sha1-+FWobOYa3E6GIcPNoh56dhLDqNw=",
      "dev": true,
      "requires": {
        "is-arrayish": "^0.2.1"
      }
    },
    "eslint-config-standard": {
      "version": "11.0.0",
      "resolved": "https://registry.npmjs.org/eslint-config-standard/-/eslint-config-standard-11.0.0.tgz",
      "integrity": "sha512-oDdENzpViEe5fwuRCWla7AXQd++/oyIp8zP+iP9jiUPG6NBj3SHgdgtl/kTn00AjeN+1HNvavTKmYbMo+xMOlw==",
      "dev": true
    },
    "eslint-import-resolver-node": {
      "version": "0.3.2",
      "resolved": "https://registry.npmjs.org/eslint-import-resolver-node/-/eslint-import-resolver-node-0.3.2.tgz",
      "integrity": "sha512-sfmTqJfPSizWu4aymbPr4Iidp5yKm8yDkHp+Ir3YiTHiiDfxh69mOUsmiqW6RZ9zRXFaF64GtYmN7e+8GHBv6Q==",
      "dev": true,
      "requires": {
        "debug": "^2.6.9",
        "resolve": "^1.5.0"
      }
    },
    "eslint-module-utils": {
      "version": "2.2.0",
      "resolved": "https://registry.npmjs.org/eslint-module-utils/-/eslint-module-utils-2.2.0.tgz",
      "integrity": "sha1-snA2LNiLGkitMIl2zn+lTphBF0Y=",
      "dev": true,
      "requires": {
        "debug": "^2.6.8",
        "pkg-dir": "^1.0.0"
      }
    },
    "eslint-plugin-import": {
      "version": "2.11.0",
      "resolved": "https://registry.npmjs.org/eslint-plugin-import/-/eslint-plugin-import-2.11.0.tgz",
      "integrity": "sha1-Fa7qN6Z0mdhI6OmBgG1GJ7VQOBY=",
      "dev": true,
      "requires": {
        "contains-path": "^0.1.0",
        "debug": "^2.6.8",
        "doctrine": "1.5.0",
        "eslint-import-resolver-node": "^0.3.1",
        "eslint-module-utils": "^2.2.0",
        "has": "^1.0.1",
        "lodash": "^4.17.4",
        "minimatch": "^3.0.3",
        "read-pkg-up": "^2.0.0",
        "resolve": "^1.6.0"
      },
      "dependencies": {
        "resolve": {
          "version": "1.7.1",
          "resolved": "https://registry.npmjs.org/resolve/-/resolve-1.7.1.tgz",
          "integrity": "sha512-c7rwLofp8g1U+h1KNyHL/jicrKg1Ek4q+Lr33AL65uZTinUZHe30D5HlyN5V9NW0JX1D5dXQ4jqW5l7Sy/kGfw==",
          "dev": true,
          "requires": {
            "path-parse": "^1.0.5"
          }
        }
      }
    },
    "eslint-plugin-node": {
      "version": "5.2.1",
      "resolved": "https://registry.npmjs.org/eslint-plugin-node/-/eslint-plugin-node-5.2.1.tgz",
      "integrity": "sha512-xhPXrh0Vl/b7870uEbaumb2Q+LxaEcOQ3kS1jtIXanBAwpMre1l5q/l2l/hESYJGEFKuI78bp6Uw50hlpr7B+g==",
      "dev": true,
      "requires": {
        "ignore": "^3.3.6",
        "minimatch": "^3.0.4",
        "resolve": "^1.3.3",
        "semver": "5.3.0"
      },
      "dependencies": {
        "semver": {
          "version": "5.3.0",
          "resolved": "https://registry.npmjs.org/semver/-/semver-5.3.0.tgz",
          "integrity": "sha1-myzl094C0XxgEq0yaqa00M9U+U8=",
          "dev": true
        }
      }
    },
    "eslint-plugin-promise": {
      "version": "3.7.0",
      "resolved": "https://registry.npmjs.org/eslint-plugin-promise/-/eslint-plugin-promise-3.7.0.tgz",
      "integrity": "sha512-2WO+ZFh7vxUKRfR0cOIMrWgYKdR6S1AlOezw6pC52B6oYpd5WFghN+QHxvrRdZMtbo8h3dfUZ2o1rWb0UPbKtg==",
      "dev": true
    },
    "eslint-plugin-standard": {
      "version": "3.1.0",
      "resolved": "https://registry.npmjs.org/eslint-plugin-standard/-/eslint-plugin-standard-3.1.0.tgz",
      "integrity": "sha512-fVcdyuKRr0EZ4fjWl3c+gp1BANFJD1+RaWa2UPYfMZ6jCtp5RG00kSaXnK/dE5sYzt4kaWJ9qdxqUfc0d9kX0w==",
      "dev": true
    },
    "esutils": {
      "version": "2.0.2",
      "resolved": "https://registry.npmjs.org/esutils/-/esutils-2.0.2.tgz",
      "integrity": "sha1-Cr9PHKpbyx96nYrMbepPqqBLrJs=",
      "dev": true
    },
    "fauxmojs": {
      "version": "1.0.3",
      "resolved": "https://registry.npmjs.org/fauxmojs/-/fauxmojs-1.0.3.tgz",
      "integrity": "sha512-lNvQ9YZkbaSY+PA5hIUWnn0JacrJC3bNrLYYBPqfsCwKxGkaDOCdzqcY1WvL51jUqYw6ZN0txT+hKDM+Bq2HUg==",
      "requires": {
        "aguid": "^1.0.4",
        "async": "^2.1.4",
        "boom": "^4.2.0",
        "debug": "^2.6.0",
        "hapi": "^16.1.0",
        "lodash": "^4.17.3",
        "q": "^1.4.1",
        "uuid": "^3.0.1"
      }
    },
    "find-up": {
      "version": "1.1.2",
      "resolved": "https://registry.npmjs.org/find-up/-/find-up-1.1.2.tgz",
      "integrity": "sha1-ay6YIrGizgpgq2TWEOzK1TyyTQ8=",
      "dev": true,
      "requires": {
        "path-exists": "^2.0.0",
        "pinkie-promise": "^2.0.0"
      }
    },
    "function-bind": {
      "version": "1.1.1",
      "resolved": "https://registry.npmjs.org/function-bind/-/function-bind-1.1.1.tgz",
      "integrity": "sha512-yIovAzMX49sF8Yl58fSCWJ5svSLuaibPxXQJFLmBObTuCr0Mf1KiPopGM9NiFjiYBCbfaa2Fh6breQ6ANVTI0A==",
      "dev": true
    },
    "graceful-fs": {
      "version": "4.1.11",
      "resolved": "https://registry.npmjs.org/graceful-fs/-/graceful-fs-4.1.11.tgz",
      "integrity": "sha1-Dovf5NHduIVNZOBOp8AOKgJuVlg=",
      "dev": true
    },
    "hapi": {
      "version": "16.7.0",
      "resolved": "https://registry.npmjs.org/hapi/-/hapi-16.7.0.tgz",
      "integrity": "sha512-UeMX1LMWmHEIgMlwZGK/3lhI7X0VRvOioVply0Y9qF+/O5woGdQzNB8ZmDnLOBjnB6bdWWHyo5DEamuCsE1vmg==",
      "requires": {
        "accept": "2.x.x",
        "ammo": "2.x.x",
        "boom": "5.x.x",
        "call": "4.x.x",
        "catbox": "7.x.x",
        "catbox-memory": "2.x.x",
        "cryptiles": "3.x.x",
        "heavy": "4.x.x",
        "hoek": "4.x.x",
        "iron": "4.x.x",
        "items": "2.x.x",
        "joi": "11.x.x",
        "mimos": "3.x.x",
        "podium": "1.x.x",
        "shot": "3.x.x",
        "somever": "1.x.x",
        "statehood": "5.x.x",
        "subtext": "5.x.x",
        "topo": "2.x.x"
      },
      "dependencies": {
        "boom": {
          "version": "5.2.0",
          "resolved": "https://registry.npmjs.org/boom/-/boom-5.2.0.tgz",
          "integrity": "sha512-Z5BTk6ZRe4tXXQlkqftmsAUANpXmuwlsF5Oov8ThoMbQRzdGTA1ngYRW160GexgOgjsFOKJz0LYhoNi+2AMBUw==",
          "requires": {
            "hoek": "4.x.x"
          }
        },
        "cryptiles": {
          "version": "3.1.4",
          "resolved": "https://registry.npmjs.org/cryptiles/-/cryptiles-3.1.4.tgz",
          "integrity": "sha512-8I1sgZHfVwcSOY6mSGpVU3lw/GSIZvusg8dD2+OGehCJpOhQRLNcH0qb9upQnOH4XhgxxFJSg6E2kx95deb1Tw==",
          "requires": {
            "boom": "5.x.x"
          }
        }
      }
    },
    "has": {
      "version": "1.0.1",
      "resolved": "https://registry.npmjs.org/has/-/has-1.0.1.tgz",
      "integrity": "sha1-hGFzP1OLCDfJNh45qauelwTcLyg=",
      "dev": true,
      "requires": {
        "function-bind": "^1.0.2"
      }
    },
    "heavy": {
      "version": "4.0.4",
      "resolved": "https://registry.npmjs.org/heavy/-/heavy-4.0.4.tgz",
      "integrity": "sha1-NskTNsAMz+hSyqTRUwhjNc0vAOk=",
      "requires": {
        "boom": "5.x.x",
        "hoek": "4.x.x",
        "joi": "10.x.x"
      },
      "dependencies": {
        "boom": {
          "version": "5.2.0",
          "resolved": "https://registry.npmjs.org/boom/-/boom-5.2.0.tgz",
          "integrity": "sha512-Z5BTk6ZRe4tXXQlkqftmsAUANpXmuwlsF5Oov8ThoMbQRzdGTA1ngYRW160GexgOgjsFOKJz0LYhoNi+2AMBUw==",
          "requires": {
            "hoek": "4.x.x"
          }
        },
        "joi": {
          "version": "10.6.0",
          "resolved": "https://registry.npmjs.org/joi/-/joi-10.6.0.tgz",
          "integrity": "sha512-hBF3LcqyAid+9X/pwg+eXjD2QBZI5eXnBFJYaAkH4SK3mp9QSRiiQnDYlmlz5pccMvnLcJRS4whhDOTCkmsAdQ==",
          "requires": {
            "hoek": "4.x.x",
            "isemail": "2.x.x",
            "items": "2.x.x",
            "topo": "2.x.x"
          }
        }
      }
    },
    "hoek": {
      "version": "4.2.1",
      "resolved": "https://registry.npmjs.org/hoek/-/hoek-4.2.1.tgz",
      "integrity": "sha512-QLg82fGkfnJ/4iy1xZ81/9SIJiq1NGFUMGs6ParyjBZr6jW2Ufj/snDqTHixNlHdPNwN2RLVD0Pi3igeK9+JfA=="
    },
    "hosted-git-info": {
      "version": "2.6.0",
      "resolved": "https://registry.npmjs.org/hosted-git-info/-/hosted-git-info-2.6.0.tgz",
      "integrity": "sha512-lIbgIIQA3lz5XaB6vxakj6sDHADJiZadYEJB+FgA+C4nubM1NwcuvUr9EJPmnH1skZqpqUzWborWo8EIUi0Sdw==",
      "dev": true
    },
    "ignore": {
      "version": "3.3.7",
      "resolved": "https://registry.npmjs.org/ignore/-/ignore-3.3.7.tgz",
      "integrity": "sha512-YGG3ejvBNHRqu0559EOxxNFihD0AjpvHlC/pdGKd3X3ofe+CoJkYazwNJYTNebqpPKN+VVQbh4ZFn1DivMNuHA==",
      "dev": true
    },
    "iron": {
      "version": "4.0.5",
      "resolved": "https://registry.npmjs.org/iron/-/iron-4.0.5.tgz",
      "integrity": "sha1-TwQszri5c480a1mqc0yDqJvDFCg=",
      "requires": {
        "boom": "5.x.x",
        "cryptiles": "3.x.x",
        "hoek": "4.x.x"
      },
      "dependencies": {
        "boom": {
          "version": "5.2.0",
          "resolved": "https://registry.npmjs.org/boom/-/boom-5.2.0.tgz",
          "integrity": "sha512-Z5BTk6ZRe4tXXQlkqftmsAUANpXmuwlsF5Oov8ThoMbQRzdGTA1ngYRW160GexgOgjsFOKJz0LYhoNi+2AMBUw==",
          "requires": {
            "hoek": "4.x.x"
          }
        },
        "cryptiles": {
          "version": "3.1.4",
          "resolved": "https://registry.npmjs.org/cryptiles/-/cryptiles-3.1.4.tgz",
          "integrity": "sha512-8I1sgZHfVwcSOY6mSGpVU3lw/GSIZvusg8dD2+OGehCJpOhQRLNcH0qb9upQnOH4XhgxxFJSg6E2kx95deb1Tw==",
          "requires": {
            "boom": "5.x.x"
          }
        }
      }
    },
    "is-arrayish": {
      "version": "0.2.1",
      "resolved": "https://registry.npmjs.org/is-arrayish/-/is-arrayish-0.2.1.tgz",
      "integrity": "sha1-d8mYQFJ6qOyxqLppe4BkWnqSap0=",
      "dev": true
    },
    "is-builtin-module": {
      "version": "1.0.0",
      "resolved": "https://registry.npmjs.org/is-builtin-module/-/is-builtin-module-1.0.0.tgz",
      "integrity": "sha1-VAVy0096wxGfj3bDDLwbHgN6/74=",
      "dev": true,
      "requires": {
        "builtin-modules": "^1.0.0"
      }
    },
    "isarray": {
      "version": "1.0.0",
      "resolved": "https://registry.npmjs.org/isarray/-/isarray-1.0.0.tgz",
      "integrity": "sha1-u5NdSFgsuhaMBoNJV6VKPgcSTxE=",
      "dev": true
    },
    "isemail": {
      "version": "2.2.1",
      "resolved": "https://registry.npmjs.org/isemail/-/isemail-2.2.1.tgz",
      "integrity": "sha1-A1PT2aYpUQgMJiwqoKQrjqjp4qY="
    },
    "items": {
      "version": "2.1.2",
      "resolved": "https://registry.npmjs.org/items/-/items-2.1.2.tgz",
      "integrity": "sha512-kezcEqgB97BGeZZYtX/MA8AG410ptURstvnz5RAgyFZ8wQFPMxHY8GpTq+/ZHKT3frSlIthUq7EvLt9xn3TvXg=="
    },
    "joi": {
      "version": "11.4.0",
      "resolved": "https://registry.npmjs.org/joi/-/joi-11.4.0.tgz",
      "integrity": "sha512-O7Uw+w/zEWgbL6OcHbyACKSj0PkQeUgmehdoXVSxt92QFCq4+1390Rwh5moI2K/OgC7D8RHRZqHZxT2husMJHA==",
      "requires": {
        "hoek": "4.x.x",
        "isemail": "3.x.x",
        "topo": "2.x.x"
      },
      "dependencies": {
        "isemail": {
          "version": "3.2.0",
          "resolved": "https://registry.npmjs.org/isemail/-/isemail-3.2.0.tgz",
          "integrity": "sha512-zKqkK+O+dGqevc93KNsbZ/TqTUFd46MwWjYOoMrjIMZ51eU7DtQG3Wmd9SQQT7i7RVnuTPEiYEWHU3MSbxC1Tg==",
          "requires": {
            "punycode": "2.x.x"
          }
        }
      }
    },
    "load-json-file": {
      "version": "2.0.0",
      "resolved": "https://registry.npmjs.org/load-json-file/-/load-json-file-2.0.0.tgz",
      "integrity": "sha1-eUfkIUmvgNaWy/eXvKq8/h/inKg=",
      "dev": true,
      "requires": {
        "graceful-fs": "^4.1.2",
        "parse-json": "^2.2.0",
        "pify": "^2.0.0",
        "strip-bom": "^3.0.0"
      }
    },
    "locate-path": {
      "version": "2.0.0",
      "resolved": "https://registry.npmjs.org/locate-path/-/locate-path-2.0.0.tgz",
      "integrity": "sha1-K1aLJl7slExtnA3pw9u7ygNUzY4=",
      "dev": true,
      "requires": {
        "p-locate": "^2.0.0",
        "path-exists": "^3.0.0"
      },
      "dependencies": {
        "path-exists": {
          "version": "3.0.0",
          "resolved": "https://registry.npmjs.org/path-exists/-/path-exists-3.0.0.tgz",
          "integrity": "sha1-zg6+ql94yxiSXqfYENe1mwEP1RU=",
          "dev": true
        }
      }
    },
    "lodash": {
      "version": "4.17.11",
      "resolved": "https://registry.npmjs.org/lodash/-/lodash-4.17.11.tgz",
      "integrity": "sha512-cQKh8igo5QUhZ7lg38DYWAxMvjSAKG0A8wGSVimP07SIUEK2UO+arSRKbRZWtelMtN5V0Hkwh5ryOto/SshYIg=="
    },
    "mime-db": {
      "version": "1.38.0",
      "resolved": "https://registry.npmjs.org/mime-db/-/mime-db-1.38.0.tgz",
      "integrity": "sha512-bqVioMFFzc2awcdJZIzR3HjZFX20QhilVS7hytkKrv7xFAn8bM1gzc/FOX2awLISvWe0PV8ptFKcon+wZ5qYkg=="
    },
    "mimos": {
      "version": "3.0.3",
      "resolved": "https://registry.npmjs.org/mimos/-/mimos-3.0.3.tgz",
      "integrity": "sha1-uRCQcq03jCty9qAQHEPd+ys2ZB8=",
      "requires": {
        "hoek": "4.x.x",
        "mime-db": "1.x.x"
      }
    },
    "minimatch": {
      "version": "3.0.4",
      "resolved": "https://registry.npmjs.org/minimatch/-/minimatch-3.0.4.tgz",
      "integrity": "sha512-yJHVQEhyqPLUTgt9B83PXu6W3rx4MvvHvSUvToogpwoGDOUQ+yDrR0HRot+yOCdCO7u4hX3pWft6kWBBcqh0UA==",
      "dev": true,
      "requires": {
        "brace-expansion": "^1.1.7"
      }
    },
    "ms": {
      "version": "2.0.0",
      "resolved": "https://registry.npmjs.org/ms/-/ms-2.0.0.tgz",
      "integrity": "sha1-VgiurfwAvmwpAd9fmGF4jeDVl8g="
    },
    "nigel": {
      "version": "2.0.2",
      "resolved": "https://registry.npmjs.org/nigel/-/nigel-2.0.2.tgz",
      "integrity": "sha1-k6GGb7DFLYc5CqdeKxYfS1x15bE=",
      "requires": {
        "hoek": "4.x.x",
        "vise": "2.x.x"
      }
    },
    "normalize-package-data": {
      "version": "2.4.0",
      "resolved": "https://registry.npmjs.org/normalize-package-data/-/normalize-package-data-2.4.0.tgz",
      "integrity": "sha512-9jjUFbTPfEy3R/ad/2oNbKtW9Hgovl5O1FvFWKkKblNXoN/Oou6+9+KKohPK13Yc3/TyunyWhJp6gvRNR/PPAw==",
      "dev": true,
      "requires": {
        "hosted-git-info": "^2.1.4",
        "is-builtin-module": "^1.0.0",
        "semver": "2 || 3 || 4 || 5",
        "validate-npm-package-license": "^3.0.1"
      }
    },
    "p-limit": {
      "version": "1.2.0",
      "resolved": "https://registry.npmjs.org/p-limit/-/p-limit-1.2.0.tgz",
      "integrity": "sha512-Y/OtIaXtUPr4/YpMv1pCL5L5ed0rumAaAeBSj12F+bSlMdys7i8oQF/GUJmfpTS/QoaRrS/k6pma29haJpsMng==",
      "dev": true,
      "requires": {
        "p-try": "^1.0.0"
      }
    },
    "p-locate": {
      "version": "2.0.0",
      "resolved": "https://registry.npmjs.org/p-locate/-/p-locate-2.0.0.tgz",
      "integrity": "sha1-IKAQOyIqcMj9OcwuWAaA893l7EM=",
      "dev": true,
      "requires": {
        "p-limit": "^1.1.0"
      }
    },
    "p-try": {
      "version": "1.0.0",
      "resolved": "https://registry.npmjs.org/p-try/-/p-try-1.0.0.tgz",
      "integrity": "sha1-y8ec26+P1CKOE/Yh8rGiN8GyB7M=",
      "dev": true
    },
    "parse-json": {
      "version": "2.2.0",
      "resolved": "https://registry.npmjs.org/parse-json/-/parse-json-2.2.0.tgz",
      "integrity": "sha1-9ID0BDTvgHQfhGkJn43qGPVaTck=",
      "dev": true,
      "requires": {
        "error-ex": "^1.2.0"
      }
    },
    "path-exists": {
      "version": "2.1.0",
      "resolved": "https://registry.npmjs.org/path-exists/-/path-exists-2.1.0.tgz",
      "integrity": "sha1-D+tsZPD8UY2adU3V77YscCJ2H0s=",
      "dev": true,
      "requires": {
        "pinkie-promise": "^2.0.0"
      }
    },
    "path-parse": {
      "version": "1.0.5",
      "resolved": "https://registry.npmjs.org/path-parse/-/path-parse-1.0.5.tgz",
      "integrity": "sha1-PBrfhx6pzWyUMbbqK9dKD/BVxME=",
      "dev": true
    },
    "path-type": {
      "version": "2.0.0",
      "resolved": "https://registry.npmjs.org/path-type/-/path-type-2.0.0.tgz",
      "integrity": "sha1-8BLMuEFbcJb8LaoQVMPXI4lZTHM=",
      "dev": true,
      "requires": {
        "pify": "^2.0.0"
      }
    },
    "pez": {
      "version": "2.1.5",
      "resolved": "https://registry.npmjs.org/pez/-/pez-2.1.5.tgz",
      "integrity": "sha1-XsLMYlAMw+tCNtSkFM9aF7XrUAc=",
      "requires": {
        "b64": "3.x.x",
        "boom": "5.x.x",
        "content": "3.x.x",
        "hoek": "4.x.x",
        "nigel": "2.x.x"
      },
      "dependencies": {
        "boom": {
          "version": "5.2.0",
          "resolved": "https://registry.npmjs.org/boom/-/boom-5.2.0.tgz",
          "integrity": "sha512-Z5BTk6ZRe4tXXQlkqftmsAUANpXmuwlsF5Oov8ThoMbQRzdGTA1ngYRW160GexgOgjsFOKJz0LYhoNi+2AMBUw==",
          "requires": {
            "hoek": "4.x.x"
          }
        }
      }
    },
    "pify": {
      "version": "2.3.0",
      "resolved": "https://registry.npmjs.org/pify/-/pify-2.3.0.tgz",
      "integrity": "sha1-7RQaasBDqEnqWISY59yosVMw6Qw=",
      "dev": true
    },
    "pinkie": {
      "version": "2.0.4",
      "resolved": "https://registry.npmjs.org/pinkie/-/pinkie-2.0.4.tgz",
      "integrity": "sha1-clVrgM+g1IqXToDnckjoDtT3+HA=",
      "dev": true
    },
    "pinkie-promise": {
      "version": "2.0.1",
      "resolved": "https://registry.npmjs.org/pinkie-promise/-/pinkie-promise-2.0.1.tgz",
      "integrity": "sha1-ITXW36ejWMBprJsXh3YogihFD/o=",
      "dev": true,
      "requires": {
        "pinkie": "^2.0.0"
      }
    },
    "pkg-dir": {
      "version": "1.0.0",
      "resolved": "https://registry.npmjs.org/pkg-dir/-/pkg-dir-1.0.0.tgz",
      "integrity": "sha1-ektQio1bstYp1EcFb/TpyTFM89Q=",
      "dev": true,
      "requires": {
        "find-up": "^1.0.0"
      }
    },
    "podium": {
      "version": "1.3.0",
      "resolved": "https://registry.npmjs.org/podium/-/podium-1.3.0.tgz",
      "integrity": "sha512-ZIujqk1pv8bRZNVxwwwq0BhXilZ2udycQT3Kp8ah3f3TcTmVg7ILJsv/oLf47gRa2qeiP584lNq+pfvS9U3aow==",
      "requires": {
        "hoek": "4.x.x",
        "items": "2.x.x",
        "joi": "10.x.x"
      },
      "dependencies": {
        "joi": {
          "version": "10.6.0",
          "resolved": "https://registry.npmjs.org/joi/-/joi-10.6.0.tgz",
          "integrity": "sha512-hBF3LcqyAid+9X/pwg+eXjD2QBZI5eXnBFJYaAkH4SK3mp9QSRiiQnDYlmlz5pccMvnLcJRS4whhDOTCkmsAdQ==",
          "requires": {
            "hoek": "4.x.x",
            "isemail": "2.x.x",
            "items": "2.x.x",
            "topo": "2.x.x"
          }
        }
      }
    },
    "punycode": {
      "version": "2.1.1",
      "resolved": "https://registry.npmjs.org/punycode/-/punycode-2.1.1.tgz",
      "integrity": "sha512-XRsRjdf+j5ml+y/6GKHPZbrF/8p2Yga0JPtdqTIY2Xe5ohJPD9saDJJLPvp9+NSBprVvevdXZybnj2cv8OEd0A=="
    },
    "q": {
      "version": "1.5.1",
      "resolved": "https://registry.npmjs.org/q/-/q-1.5.1.tgz",
      "integrity": "sha1-fjL3W0E4EpHQRhHxvxQQmsAGUdc="
    },
    "read-pkg": {
      "version": "2.0.0",
      "resolved": "https://registry.npmjs.org/read-pkg/-/read-pkg-2.0.0.tgz",
      "integrity": "sha1-jvHAYjxqbbDcZxPEv6xGMysjaPg=",
      "dev": true,
      "requires": {
        "load-json-file": "^2.0.0",
        "normalize-package-data": "^2.3.2",
        "path-type": "^2.0.0"
      }
    },
    "read-pkg-up": {
      "version": "2.0.0",
      "resolved": "https://registry.npmjs.org/read-pkg-up/-/read-pkg-up-2.0.0.tgz",
      "integrity": "sha1-a3KoBImE4MQeeVEP1en6mbO1Sb4=",
      "dev": true,
      "requires": {
        "find-up": "^2.0.0",
        "read-pkg": "^2.0.0"
      },
      "dependencies": {
        "find-up": {
          "version": "2.1.0",
          "resolved": "https://registry.npmjs.org/find-up/-/find-up-2.1.0.tgz",
          "integrity": "sha1-RdG35QbHF93UgndaK3eSCjwMV6c=",
          "dev": true,
          "requires": {
            "locate-path": "^2.0.0"
          }
        }
      }
    },
    "resolve": {
      "version": "1.7.1",
      "resolved": "https://registry.npmjs.org/resolve/-/resolve-1.7.1.tgz",
      "integrity": "sha512-c7rwLofp8g1U+h1KNyHL/jicrKg1Ek4q+Lr33AL65uZTinUZHe30D5HlyN5V9NW0JX1D5dXQ4jqW5l7Sy/kGfw==",
      "dev": true,
      "requires": {
        "path-parse": "^1.0.5"
      }
    },
    "semver": {
      "version": "5.5.0",
      "resolved": "https://registry.npmjs.org/semver/-/semver-5.5.0.tgz",
      "integrity": "sha512-4SJ3dm0WAwWy/NVeioZh5AntkdJoWKxHxcmyP622fOkgHa4z3R0TdBJICINyaSDE6uNwVc8gZr+ZinwZAH4xIA==",
      "dev": true
    },
    "shot": {
      "version": "3.4.2",
      "resolved": "https://registry.npmjs.org/shot/-/shot-3.4.2.tgz",
      "integrity": "sha1-Hlw/bysmZJrcQvfrNQIUpaApHWc=",
      "requires": {
        "hoek": "4.x.x",
        "joi": "10.x.x"
      },
      "dependencies": {
        "joi": {
          "version": "10.6.0",
          "resolved": "https://registry.npmjs.org/joi/-/joi-10.6.0.tgz",
          "integrity": "sha512-hBF3LcqyAid+9X/pwg+eXjD2QBZI5eXnBFJYaAkH4SK3mp9QSRiiQnDYlmlz5pccMvnLcJRS4whhDOTCkmsAdQ==",
          "requires": {
            "hoek": "4.x.x",
            "isemail": "2.x.x",
            "items": "2.x.x",
            "topo": "2.x.x"
          }
        }
      }
    },
    "somever": {
      "version": "1.0.1",
      "resolved": "https://registry.npmjs.org/somever/-/somever-1.0.1.tgz",
      "integrity": "sha512-PCDMBcega4n7wuBUKmkiXidF3cOwtHHGg2qJYl0Rkw7StZqORoCgqce7HUuWNta/NAiQhwLDezNnTANxEWPCGA==",
      "requires": {
        "hoek": "4.x.x"
      }
    },
    "spdx-correct": {
      "version": "3.0.0",
      "resolved": "https://registry.npmjs.org/spdx-correct/-/spdx-correct-3.0.0.tgz",
      "integrity": "sha512-N19o9z5cEyc8yQQPukRCZ9EUmb4HUpnrmaL/fxS2pBo2jbfcFRVuFZ/oFC+vZz0MNNk0h80iMn5/S6qGZOL5+g==",
      "dev": true,
      "requires": {
        "spdx-expression-parse": "^3.0.0",
        "spdx-license-ids": "^3.0.0"
      }
    },
    "spdx-exceptions": {
      "version": "2.1.0",
      "resolved": "https://registry.npmjs.org/spdx-exceptions/-/spdx-exceptions-2.1.0.tgz",
      "integrity": "sha512-4K1NsmrlCU1JJgUrtgEeTVyfx8VaYea9J9LvARxhbHtVtohPs/gFGG5yy49beySjlIMhhXZ4QqujIZEfS4l6Cg==",
      "dev": true
    },
    "spdx-expression-parse": {
      "version": "3.0.0",
      "resolved": "https://registry.npmjs.org/spdx-expression-parse/-/spdx-expression-parse-3.0.0.tgz",
      "integrity": "sha512-Yg6D3XpRD4kkOmTpdgbUiEJFKghJH03fiC1OPll5h/0sO6neh2jqRDVHOQ4o/LMea0tgCkbMgea5ip/e+MkWyg==",
      "dev": true,
      "requires": {
        "spdx-exceptions": "^2.1.0",
        "spdx-license-ids": "^3.0.0"
      }
    },
    "spdx-license-ids": {
      "version": "3.0.0",
      "resolved": "https://registry.npmjs.org/spdx-license-ids/-/spdx-license-ids-3.0.0.tgz",
      "integrity": "sha512-2+EPwgbnmOIl8HjGBXXMd9NAu02vLjOO1nWw4kmeRDFyHn+M/ETfHxQUK0oXg8ctgVnl9t3rosNVsZ1jG61nDA==",
      "dev": true
    },
    "statehood": {
      "version": "5.0.4",
      "resolved": "https://registry.npmjs.org/statehood/-/statehood-5.0.4.tgz",
      "integrity": "sha512-6/feFLqqHylvA/dHwJA0DgXvbEcKgbhRUeljsuu6+cIr8PO88nax7Wc+celZlPTncqT2arsxXL8P329Q1yfe9Q==",
      "requires": {
        "boom": "5.x.x",
        "bourne": "1.x.x",
        "cryptiles": "3.x.x",
        "hoek": "4.x.x",
        "iron": "4.x.x",
        "items": "2.x.x",
        "joi": "12.x.x"
      },
      "dependencies": {
        "boom": {
          "version": "5.2.0",
          "resolved": "https://registry.npmjs.org/boom/-/boom-5.2.0.tgz",
          "integrity": "sha512-Z5BTk6ZRe4tXXQlkqftmsAUANpXmuwlsF5Oov8ThoMbQRzdGTA1ngYRW160GexgOgjsFOKJz0LYhoNi+2AMBUw==",
          "requires": {
            "hoek": "4.x.x"
          }
        },
        "cryptiles": {
          "version": "3.1.4",
          "resolved": "https://registry.npmjs.org/cryptiles/-/cryptiles-3.1.4.tgz",
          "integrity": "sha512-8I1sgZHfVwcSOY6mSGpVU3lw/GSIZvusg8dD2+OGehCJpOhQRLNcH0qb9upQnOH4XhgxxFJSg6E2kx95deb1Tw==",
          "requires": {
            "boom": "5.x.x"
          }
        },
        "isemail": {
          "version": "3.2.0",
          "resolved": "https://registry.npmjs.org/isemail/-/isemail-3.2.0.tgz",
          "integrity": "sha512-zKqkK+O+dGqevc93KNsbZ/TqTUFd46MwWjYOoMrjIMZ51eU7DtQG3Wmd9SQQT7i7RVnuTPEiYEWHU3MSbxC1Tg==",
          "requires": {
            "punycode": "2.x.x"
          }
        },
        "joi": {
          "version": "12.0.0",
          "resolved": "https://registry.npmjs.org/joi/-/joi-12.0.0.tgz",
          "integrity": "sha512-z0FNlV4NGgjQN1fdtHYXf5kmgludM65fG/JlXzU6+rwkt9U5UWuXVYnXa2FpK0u6+qBuCmrm5byPNuiiddAHvQ==",
          "requires": {
            "hoek": "4.x.x",
            "isemail": "3.x.x",
            "topo": "2.x.x"
          }
        }
      }
    },
    "strip-bom": {
      "version": "3.0.0",
      "resolved": "https://registry.npmjs.org/strip-bom/-/strip-bom-3.0.0.tgz",
      "integrity": "sha1-IzTBjpx1n3vdVv3vfprj1YjmjtM=",
      "dev": true
    },
    "subtext": {
      "version": "5.0.1",
      "resolved": "https://registry.npmjs.org/subtext/-/subtext-5.0.1.tgz",
      "integrity": "sha512-zH/jaUKJ/bkrTpEe3zuTFIRnqAwv5xcGpXA2JaxEc30KRAT4k78jZnRqM45snjBSZAuvpI8chRUh1VZprcUVfw==",
      "requires": {
        "boom": "5.x.x",
        "bourne": "1.x.x",
        "content": "3.x.x",
        "hoek": "4.x.x",
        "pez": "2.x.x",
        "wreck": "12.x.x"
      },
      "dependencies": {
        "boom": {
          "version": "5.2.0",
          "resolved": "https://registry.npmjs.org/boom/-/boom-5.2.0.tgz",
          "integrity": "sha512-Z5BTk6ZRe4tXXQlkqftmsAUANpXmuwlsF5Oov8ThoMbQRzdGTA1ngYRW160GexgOgjsFOKJz0LYhoNi+2AMBUw==",
          "requires": {
            "hoek": "4.x.x"
          }
        }
      }
    },
    "topo": {
      "version": "2.0.2",
      "resolved": "https://registry.npmjs.org/topo/-/topo-2.0.2.tgz",
      "integrity": "sha1-zVYVdSU5BXwNwEkaYhw7xvvh0YI=",
      "requires": {
        "hoek": "4.x.x"
      }
    },
    "uuid": {
      "version": "3.3.2",
      "resolved": "https://registry.npmjs.org/uuid/-/uuid-3.3.2.tgz",
      "integrity": "sha512-yXJmeNaw3DnnKAOKJE51sL/ZaYfWJRl1pK9dr19YFCu0ObS231AB1/LbqTKRAQ5kw8A90rA6fr4riOUpTZvQZA=="
    },
    "validate-npm-package-license": {
      "version": "3.0.3",
      "resolved": "https://registry.npmjs.org/validate-npm-package-license/-/validate-npm-package-license-3.0.3.tgz",
      "integrity": "sha512-63ZOUnL4SIXj4L0NixR3L1lcjO38crAbgrTpl28t8jjrfuiOBL5Iygm+60qPs/KsZGzPNg6Smnc/oY16QTjF0g==",
      "dev": true,
      "requires": {
        "spdx-correct": "^3.0.0",
        "spdx-expression-parse": "^3.0.0"
      }
    },
    "vise": {
      "version": "2.0.2",
      "resolved": "https://registry.npmjs.org/vise/-/vise-2.0.2.tgz",
      "integrity": "sha1-awjo+0y3bjpQzW3Q7DczjoEaDTk=",
      "requires": {
        "hoek": "4.x.x"
      }
    },
    "wreck": {
      "version": "12.5.1",
      "resolved": "https://registry.npmjs.org/wreck/-/wreck-12.5.1.tgz",
      "integrity": "sha512-l5DUGrc+yDyIflpty1x9XuMj1ehVjC/dTbF3/BasOO77xk0EdEa4M/DuOY8W88MQDAD0fEDqyjc8bkIMHd2E9A==",
      "requires": {
        "boom": "5.x.x",
        "hoek": "4.x.x"
      },
      "dependencies": {
        "boom": {
          "version": "5.2.0",
          "resolved": "https://registry.npmjs.org/boom/-/boom-5.2.0.tgz",
          "integrity": "sha512-Z5BTk6ZRe4tXXQlkqftmsAUANpXmuwlsF5Oov8ThoMbQRzdGTA1ngYRW160GexgOgjsFOKJz0LYhoNi+2AMBUw==",
          "requires": {
            "hoek": "4.x.x"
          }
        }
      }
    },
    "xbox-on": {
      "version": "0.0.10",
      "resolved": "https://registry.npmjs.org/xbox-on/-/xbox-on-0.0.10.tgz",
      "integrity": "sha1-N8EhaP5tWKfJug3w6D/PQtmrmhs=",
      "requires": {
        "colors": "^1.1.2",
        "commander": "^2.9.0"
      }
    }
  }
}
